
Microsoft Visual Studio Solution File, Format Version 12.00
# Visual Studio Version 16
VisualStudioVersion = 25.0.1704.0
MinimumVisualStudioVersion = 10.0.40219.1
Project("{FAE04EC0-301F-11D3-BF4B-00C04F79EFBC}") = "BeerTest.Android", "BeerTest\BeerTest.Android\BeerTest.Android.csproj", "{9CA32D9C-192B-4EED-B034-D89375E34C17}"
EndProject
Project("{FAE04EC0-301F-11D3-BF4B-00C04F79EFBC}") = "BeerTest.iOS", "BeerTest\BeerTest.iOS\BeerTest.iOS.csproj", "{181F02A9-B5E3-46BC-A56A-5EE1AA858529}"
EndProject
Project("{FAE04EC0-301F-11D3-BF4B-00C04F79EFBC}") = "BeerTest", "BeerTest\BeerTest\BeerTest.csproj", "{8448964A-0D3C-45F8-802B-4478AE89FC59}"
EndProject
Global
	GlobalSection(SolutionConfigurationPlatforms) = preSolution
		Debug|Any CPU = Debug|Any CPU
		Release|Any CPU = Release|Any CPU
		Debug|iPhoneSimulator = Debug|iPhoneSimulator
		Release|iPhoneSimulator = Release|iPhoneSimulator
		Debug|iPhone = Debug|iPhone
		Release|iPhone = Release|iPhone
	EndGlobalSection
	GlobalSection(ProjectConfigurationPlatforms) = postSolution
		{9CA32D9C-192B-4EED-B034-D89375E34C17}.Debug|Any CPU.ActiveCfg = Debug|Any CPU
		{9CA32D9C-192B-4EED-B034-D89375E34C17}.Debug|Any CPU.Build.0 = Debug|Any CPU
		{9CA32D9C-192B-4EED-B034-D89375E34C17}.Release|Any CPU.ActiveCfg = Release|Any CPU
		{9CA32D9C-192B-4EED-B034-D89375E34C17}.Release|Any CPU.Build.0 = Release|Any CPU
		{9CA32D9C-192B-4EED-B034-D89375E34C17}.Debug|iPhoneSimulator.ActiveCfg = Debug|Any CPU
		{9CA32D9C-192B-4EED-B034-D89375E34C17}.Debug|iPhoneSimulator.Build.0 = Debug|Any CPU
		{9CA32D9C-192B-4EED-B034-D89375E34C17}.Release|iPhoneSimulator.ActiveCfg = Release|Any CPU
		{9CA32D9C-192B-4EED-B034-D89375E34C17}.Release|iPhoneSimulator.Build.0 = Release|Any CPU
		{9CA32D9C-192B-4EED-B034-D89375E34C17}.Debug|iPhone.ActiveCfg = Debug|Any CPU
		{9CA32D9C-192B-4EED-B034-D89375E34C17}.Debug|iPhone.Build.0 = Debug|Any CPU
		{9CA32D9C-192B-4EED-B034-D89375E34C17}.Release|iPhone.ActiveCfg = Release|Any CPU
		{9CA32D9C-192B-4EED-B034-D89375E34C17}.Release|iPhone.Build.0 = Release|Any CPU
		{181F02A9-B5E3-46BC-A56A-5EE1AA858529}.Debug|Any CPU.ActiveCfg = Debug|iPhoneSimulator
		{181F02A9-B5E3-46BC-A56A-5EE1AA858529}.Debug|Any CPU.Build.0 = Debug|iPhoneSimulator
		{181F02A9-B5E3-46BC-A56A-5EE1AA858529}.Release|Any CPU.ActiveCfg = Release|iPhoneSimulator
		{181F02A9-B5E3-46BC-A56A-5EE1AA858529}.Release|Any CPU.Build.0 = Release|iPhoneSimulator
		{181F02A9-B5E3-46BC-A56A-5EE1AA858529}.Debug|iPhoneSimulator.ActiveCfg = Debug|iPhoneSimulator
		{181F02A9-B5E3-46BC-A56A-5EE1AA858529}.Debug|iPhoneSimulator.Build.0 = Debug|iPhoneSimulator
		{181F02A9-B5E3-46BC-A56A-5EE1AA858529}.Release|iPhoneSimulator.ActiveCfg = Release|iPhoneSimulator
		{181F02A9-B5E3-46BC-A56A-5EE1AA858529}.Release|iPhoneSimulator.Build.0 = Release|iPhoneSimulator
		{181F02A9-B5E3-46BC-A56A-5EE1AA858529}.Debug|iPhone.ActiveCfg = Debug|iPhone
		{181F02A9-B5E3-46BC-A56A-5EE1AA858529}.Debug|iPhone.Build.0 = Debug|iPhone
		{181F02A9-B5E3-46BC-A56A-5EE1AA858529}.Release|iPhone.ActiveCfg = Release|iPhone
		{181F02A9-B5E3-46BC-A56A-5EE1AA858529}.Release|iPhone.Build.0 = Release|iPhone
		{8448964A-0D3C-45F8-802B-4478AE89FC59}.Debug|Any CPU.ActiveCfg = Debug|Any CPU
		{8448964A-0D3C-45F8-802B-4478AE89FC59}.Debug|Any CPU.Build.0 = Debug|Any CPU
		{8448964A-0D3C-45F8-802B-4478AE89FC59}.Release|Any CPU.ActiveCfg = Release|Any CPU
		{8448964A-0D3C-45F8-802B-4478AE89FC59}.Release|Any CPU.Build.0 = Release|Any CPU
		{8448964A-0D3C-45F8-802B-4478AE89FC59}.Debug|iPhoneSimulator.ActiveCfg = Debug|Any CPU
		{8448964A-0D3C-45F8-802B-4478AE89FC59}.Debug|iPhoneSimulator.Build.0 = Debug|Any CPU
		{8448964A-0D3C-45F8-802B-4478AE89FC59}.Release|iPhoneSimulator.ActiveCfg = Release|Any CPU
		{8448964A-0D3C-45F8-802B-4478AE89FC59}.Release|iPhoneSimulator.Build.0 = Release|Any CPU
		{8448964A-0D3C-45F8-802B-4478AE89FC59}.Debug|iPhone.ActiveCfg = Debug|Any CPU
		{8448964A-0D3C-45F8-802B-4478AE89FC59}.Debug|iPhone.Build.0 = Debug|Any CPU
		{8448964A-0D3C-45F8-802B-4478AE89FC59}.Release|iPhone.ActiveCfg = Release|Any CPU
		{8448964A-0D3C-45F8-802B-4478AE89FC59}.Release|iPhone.Build.0 = Release|Any CPU
	EndGlobalSection
	GlobalSection(SolutionProperties) = preSolution
		HideSolutionNode = FALSE
	EndGlobalSection
	GlobalSection(ExtensibilityGlobals) = postSolution
		SolutionGuid = {5950B044-950E-471D-8FC5-0C58F157C27F}
	EndGlobalSection
EndGlobal
